{
  "name": "rock-paper-scissors",
  "lockfileVersion": 3,
  "requires": true,
  "packages": {
    "": {
      "dependencies": {
        "@sweetalert2/themes": "^5.0.15",
        "sweetalert2": "^11.7.12"
      }
    },
    "node_modules/@sweetalert2/themes": {
      "version": "5.0.15",
      "resolved": "https://registry.npmjs.org/@sweetalert2/themes/-/themes-5.0.15.tgz",
      "integrity": "sha512-uGU7CynpjRc3cllTqZEvXiZTpfQ6MN4faG+Tf0VFW81bLysCQm00iHS3NJLZx5STRfxpM5SzqeVXpAzJyTG/WA==",
      "peerDependencies": {
        "sweetalert2": "^11.0.0"
      }
    },
    "node_modules/sweetalert2": {
      "version": "11.7.12",
      "resolved": "https://registry.npmjs.org/sweetalert2/-/sweetalert2-11.7.12.tgz",
      "integrity": "sha512-TQJy8mQymJLzqWPQOMQErd81Zd/rSYr0UL4pEc7bqEihtjS+zt7LWJXLhfPp93e+Hf3Z2FHMB6QGNskAMCsdTg==",
      "funding": {
        "type": "individual",
        "url": "https://github.com/sponsors/limonte"
      }
    }
  }
}
